
Microsoft Visual Studio Solution File, Format Version 12.00
# Visual Studio Version 16
VisualStudioVersion = 16.0.32126.315
MinimumVisualStudioVersion = 10.0.40219.1
Project("{9A19103F-16F7-4668-BE54-9A1E7A4F7556}") = "CRUDusingAuthenticationAndAuthorizationWEBapi", "CRUDusingAuthenticationAndAuthorizationWEBapi\CRUDusingAuthenticationAndAuthorizationWEBapi.csproj", "{C04026E1-5A28-4460-BCB2-8347324A407B}"
EndProject
Project("{FAE04EC0-301F-11D3-BF4B-00C04F79EFBC}") = "WebAppConsumedAPI", "C:\Users\kishanm\source\repos\WebAppConsumedAPI\WebAppConsumedAPI\WebAppConsumedAPI.csproj", "{2DDF2FCD-750D-4253-B56B-D23111EDCEDD}"
EndProject
Global
	GlobalSection(SolutionConfigurationPlatforms) = preSolution
		Debug|Any CPU = Debug|Any CPU
		Release|Any CPU = Release|Any CPU
	EndGlobalSection
	GlobalSection(ProjectConfigurationPlatforms) = postSolution
		{C04026E1-5A28-4460-BCB2-8347324A407B}.Debug|Any CPU.ActiveCfg = Debug|Any CPU
		{C04026E1-5A28-4460-BCB2-8347324A407B}.Debug|Any CPU.Build.0 = Debug|Any CPU
		{C04026E1-5A28-4460-BCB2-8347324A407B}.Release|Any CPU.ActiveCfg = Release|Any CPU
		{C04026E1-5A28-4460-BCB2-8347324A407B}.Release|Any CPU.Build.0 = Release|Any CPU
		{2DDF2FCD-750D-4253-B56B-D23111EDCEDD}.Debug|Any CPU.ActiveCfg = Debug|Any CPU
		{2DDF2FCD-750D-4253-B56B-D23111EDCEDD}.Debug|Any CPU.Build.0 = Debug|Any CPU
		{2DDF2FCD-750D-4253-B56B-D23111EDCEDD}.Release|Any CPU.ActiveCfg = Release|Any CPU
		{2DDF2FCD-750D-4253-B56B-D23111EDCEDD}.Release|Any CPU.Build.0 = Release|Any CPU
	EndGlobalSection
	GlobalSection(SolutionProperties) = preSolution
		HideSolutionNode = FALSE
	EndGlobalSection
	GlobalSection(ExtensibilityGlobals) = postSolution
		SolutionGuid = {E4B1F426-CBA3-470E-A005-9A33C8F23FCB}
	EndGlobalSection
EndGlobal
